
Microsoft Visual Studio Solution File, Format Version 12.00
# Visual Studio Version 16
VisualStudioVersion = 16.0.31829.152
MinimumVisualStudioVersion = 10.0.40219.1
Project("{FAE04EC0-301F-11D3-BF4B-00C04F79EFBC}") = "EF6Context", "EF6Context\EF6Context.csproj", "{06103724-3AD5-40CC-A5E2-673CBA5B3E62}"
EndProject
Project("{FAE04EC0-301F-11D3-BF4B-00C04F79EFBC}") = "EFCoreContext", "EFCoreContext\EFCoreContext.csproj", "{793C8DCD-BD95-4736-A1AA-AE5C39DAD2DA}"
EndProject
Global
	GlobalSection(SolutionConfigurationPlatforms) = preSolution
		Debug|Any CPU = Debug|Any CPU
		Release|Any CPU = Release|Any CPU
	EndGlobalSection
	GlobalSection(ProjectConfigurationPlatforms) = postSolution
		{06103724-3AD5-40CC-A5E2-673CBA5B3E62}.Debug|Any CPU.ActiveCfg = Debug|Any CPU
		{06103724-3AD5-40CC-A5E2-673CBA5B3E62}.Debug|Any CPU.Build.0 = Debug|Any CPU
		{06103724-3AD5-40CC-A5E2-673CBA5B3E62}.Release|Any CPU.ActiveCfg = Release|Any CPU
		{06103724-3AD5-40CC-A5E2-673CBA5B3E62}.Release|Any CPU.Build.0 = Release|Any CPU
		{793C8DCD-BD95-4736-A1AA-AE5C39DAD2DA}.Debug|Any CPU.ActiveCfg = Debug|Any CPU
		{793C8DCD-BD95-4736-A1AA-AE5C39DAD2DA}.Debug|Any CPU.Build.0 = Debug|Any CPU
		{793C8DCD-BD95-4736-A1AA-AE5C39DAD2DA}.Release|Any CPU.ActiveCfg = Release|Any CPU
		{793C8DCD-BD95-4736-A1AA-AE5C39DAD2DA}.Release|Any CPU.Build.0 = Release|Any CPU
	EndGlobalSection
	GlobalSection(SolutionProperties) = preSolution
		HideSolutionNode = FALSE
	EndGlobalSection
	GlobalSection(ExtensibilityGlobals) = postSolution
		SolutionGuid = {2CA3BEF8-AEA9-47E7-883F-E5D19BFE1364}
	EndGlobalSection
EndGlobal
